
Microsoft Visual Studio Solution File, Format Version 12.00
# Visual Studio Version 17
VisualStudioVersion = 17.0.31903.59
MinimumVisualStudioVersion = 10.0.40219.1
Project("{FAE04EC0-301F-11D3-BF4B-00C04F79EFBC}") = "Example.Solution", "Example.Solution\Example.Solution.csproj", "{343CD477-5E31-4E0F-8827-CC71A63B49A4}"
EndProject
Project("{FAE04EC0-301F-11D3-BF4B-00C04F79EFBC}") = "Example.Solution.UnitTests", "Example.Solution.UnitTests\Example.Solution.UnitTests.csproj", "{4A9231D3-3AF0-4DC3-B4E6-7CC4D066E844}"
EndProject
Project("{FAE04EC0-301F-11D3-BF4B-00C04F79EFBC}") = "Example.Solution2.UnitTests", "Example.Solution2.UnitTests\Example.Solution2.UnitTests.csproj", "{6EEDBB95-F5E5-4968-94A6-D0363E9C92DA}"
EndProject
Project("{FAE04EC0-301F-11D3-BF4B-00C04F79EFBC}") = "Example.Solutiuon2", "Example.Solutiuon2\Example.Solutiuon2.csproj", "{D2B0F21D-06DD-4294-86EA-2332E08FC8FF}"
EndProject
Global
	GlobalSection(SolutionConfigurationPlatforms) = preSolution
		Debug|Any CPU = Debug|Any CPU
		Release|Any CPU = Release|Any CPU
	EndGlobalSection
	GlobalSection(SolutionProperties) = preSolution
		HideSolutionNode = FALSE
	EndGlobalSection
	GlobalSection(ProjectConfigurationPlatforms) = postSolution
		{DE088EDC-30D0-46B9-87CE-32D1A2F8B9E4}.Debug|Any CPU.ActiveCfg = Debug|Any CPU
		{DE088EDC-30D0-46B9-87CE-32D1A2F8B9E4}.Debug|Any CPU.Build.0 = Debug|Any CPU
		{DE088EDC-30D0-46B9-87CE-32D1A2F8B9E4}.Release|Any CPU.ActiveCfg = Release|Any CPU
		{DE088EDC-30D0-46B9-87CE-32D1A2F8B9E4}.Release|Any CPU.Build.0 = Release|Any CPU
		{45DC7053-477B-4427-9A2E-91D10DE2A36C}.Debug|Any CPU.ActiveCfg = Debug|Any CPU
		{45DC7053-477B-4427-9A2E-91D10DE2A36C}.Debug|Any CPU.Build.0 = Debug|Any CPU
		{45DC7053-477B-4427-9A2E-91D10DE2A36C}.Release|Any CPU.ActiveCfg = Release|Any CPU
		{45DC7053-477B-4427-9A2E-91D10DE2A36C}.Release|Any CPU.Build.0 = Release|Any CPU
		{343CD477-5E31-4E0F-8827-CC71A63B49A4}.Debug|Any CPU.ActiveCfg = Debug|Any CPU
		{343CD477-5E31-4E0F-8827-CC71A63B49A4}.Debug|Any CPU.Build.0 = Debug|Any CPU
		{343CD477-5E31-4E0F-8827-CC71A63B49A4}.Release|Any CPU.ActiveCfg = Release|Any CPU
		{343CD477-5E31-4E0F-8827-CC71A63B49A4}.Release|Any CPU.Build.0 = Release|Any CPU
		{4A9231D3-3AF0-4DC3-B4E6-7CC4D066E844}.Debug|Any CPU.ActiveCfg = Debug|Any CPU
		{4A9231D3-3AF0-4DC3-B4E6-7CC4D066E844}.Debug|Any CPU.Build.0 = Debug|Any CPU
		{4A9231D3-3AF0-4DC3-B4E6-7CC4D066E844}.Release|Any CPU.ActiveCfg = Release|Any CPU
		{4A9231D3-3AF0-4DC3-B4E6-7CC4D066E844}.Release|Any CPU.Build.0 = Release|Any CPU
		{6EEDBB95-F5E5-4968-94A6-D0363E9C92DA}.Debug|Any CPU.ActiveCfg = Debug|Any CPU
		{6EEDBB95-F5E5-4968-94A6-D0363E9C92DA}.Debug|Any CPU.Build.0 = Debug|Any CPU
		{6EEDBB95-F5E5-4968-94A6-D0363E9C92DA}.Release|Any CPU.ActiveCfg = Release|Any CPU
		{6EEDBB95-F5E5-4968-94A6-D0363E9C92DA}.Release|Any CPU.Build.0 = Release|Any CPU
		{D2B0F21D-06DD-4294-86EA-2332E08FC8FF}.Debug|Any CPU.ActiveCfg = Debug|Any CPU
		{D2B0F21D-06DD-4294-86EA-2332E08FC8FF}.Debug|Any CPU.Build.0 = Debug|Any CPU
		{D2B0F21D-06DD-4294-86EA-2332E08FC8FF}.Release|Any CPU.ActiveCfg = Release|Any CPU
		{D2B0F21D-06DD-4294-86EA-2332E08FC8FF}.Release|Any CPU.Build.0 = Release|Any CPU
	EndGlobalSection
EndGlobal
